
Microsoft Visual Studio Solution File, Format Version 12.00
# Visual Studio Version 16
VisualStudioVersion = 16.0.31105.61
MinimumVisualStudioVersion = 10.0.40219.1
Project("{FAE04EC0-301F-11D3-BF4B-00C04F79EFBC}") = "CriadoresCaesDia", "CriadoresCaesDia\CriadoresCaesDia.csproj", "{CD6DC129-7732-4314-8AA4-7A3B6C9953CF}"
EndProject
Global
	GlobalSection(SolutionConfigurationPlatforms) = preSolution
		Debug|Any CPU = Debug|Any CPU
		Release|Any CPU = Release|Any CPU
	EndGlobalSection
	GlobalSection(ProjectConfigurationPlatforms) = postSolution
		{CD6DC129-7732-4314-8AA4-7A3B6C9953CF}.Debug|Any CPU.ActiveCfg = Debug|Any CPU
		{CD6DC129-7732-4314-8AA4-7A3B6C9953CF}.Debug|Any CPU.Build.0 = Debug|Any CPU
		{CD6DC129-7732-4314-8AA4-7A3B6C9953CF}.Release|Any CPU.ActiveCfg = Release|Any CPU
		{CD6DC129-7732-4314-8AA4-7A3B6C9953CF}.Release|Any CPU.Build.0 = Release|Any CPU
	EndGlobalSection
	GlobalSection(SolutionProperties) = preSolution
		HideSolutionNode = FALSE
	EndGlobalSection
	GlobalSection(ExtensibilityGlobals) = postSolution
		SolutionGuid = {7A1B4E9D-692E-4489-9BEA-229DD5F25642}
	EndGlobalSection
EndGlobal
